
Microsoft Visual Studio Solution File, Format Version 12.00
# Visual Studio Version 17
VisualStudioVersion = 17.0.31903.59
MinimumVisualStudioVersion = 10.0.40219.1
Project("{2150E333-8FDC-42A3-9474-1A3956D46DE8}") = "StrangeLoopSystem", "StrangeLoopSystem", "{63A1A421-0285-FBFF-08D7-305B8B206661}"
EndProject
Project("{FAE04EC0-301F-11D3-BF4B-00C04F79EFBC}") = "Planner", "StrangeLoopSystem\Planner\Planner.csproj", "{925EE411-0E45-44C5-BA46-71EBBC0CFB7D}"
EndProject
Project("{FAE04EC0-301F-11D3-BF4B-00C04F79EFBC}") = "Maker", "StrangeLoopSystem\Maker\Maker.csproj", "{4CC679E8-EC28-44D0-B5AD-A36E05065F38}"
EndProject
Project("{FAE04EC0-301F-11D3-BF4B-00C04F79EFBC}") = "Checker", "StrangeLoopSystem\Checker\Checker.csproj", "{1C2AB1CF-BDA2-4027-8FA0-4800DD292EB1}"
EndProject
Project("{FAE04EC0-301F-11D3-BF4B-00C04F79EFBC}") = "Reflector", "StrangeLoopSystem\Reflector\Reflector.csproj", "{13CC50B0-6B1A-48C3-A3DB-A6600F3A15D4}"
EndProject
Project("{FAE04EC0-301F-11D3-BF4B-00C04F79EFBC}") = "Orchestrator", "StrangeLoopSystem\Orchestrator\Orchestrator.csproj", "{CF9DA8FA-BE41-4669-A3AC-0DB9E45791E7}"
EndProject
Project("{FAE04EC0-301F-11D3-BF4B-00C04F79EFBC}") = "MetaOrchestrator", "StrangeLoopSystem\MetaOrchestrator\MetaOrchestrator.csproj", "{08AD3103-1943-404B-B3EC-4819D6878DC1}"
EndProject
Project("{FAE04EC0-301F-11D3-BF4B-00C04F79EFBC}") = "StrangeLoopSystem", "StrangeLoopSystem\StrangeLoopSystem\StrangeLoopSystem.csproj", "{069C5C4C-BB7B-47A8-9471-CA1AEEEE2888}"
EndProject
Project("{2150E333-8FDC-42A3-9474-1A3956D46DE8}") = "Agents", "Agents", "{6304CCEF-A468-2337-B8EC-C86703775D2A}"
EndProject
Project("{FAE04EC0-301F-11D3-BF4B-00C04F79EFBC}") = "MonitoringAgent", "StrangeLoopSystem\Agents\MonitoringAgent\MonitoringAgent.csproj", "{DF94BCCF-67E3-4B66-9F9F-49B7985158E7}"
EndProject
Project("{FAE04EC0-301F-11D3-BF4B-00C04F79EFBC}") = "AnalysisAgent", "StrangeLoopSystem\Agents\AnalysisAgent\AnalysisAgent.csproj", "{D53E41F8-22A5-4D9B-B2CA-9BE9F534126E}"
EndProject
Project("{FAE04EC0-301F-11D3-BF4B-00C04F79EFBC}") = "OptimizationAgent", "StrangeLoopSystem\Agents\OptimizationAgent\OptimizationAgent.csproj", "{27514AEE-2720-49ED-9763-1F263EB1188E}"
EndProject
Project("{FAE04EC0-301F-11D3-BF4B-00C04F79EFBC}") = "ReflectionAgent", "StrangeLoopSystem\Agents\ReflectionAgent\ReflectionAgent.csproj", "{71BEA7CC-CCA3-4B30-ACFF-FCD533902A8C}"
EndProject
Project("{FAE04EC0-301F-11D3-BF4B-00C04F79EFBC}") = "KnowledgeUpdateAgent", "StrangeLoopSystem\Agents\KnowledgeUpdateAgent\KnowledgeUpdateAgent.csproj", "{8F1EC245-918B-4959-B2A9-5A2A337BF089}"
EndProject
Project("{FAE04EC0-301F-11D3-BF4B-00C04F79EFBC}") = "LoopbackAgent", "StrangeLoopSystem\Agents\LoopbackAgent\LoopbackAgent.csproj", "{2336B43A-DBBA-498F-B29B-FBB02EC49F36}"
EndProject
Project("{2150E333-8FDC-42A3-9474-1A3956D46DE8}") = "Processes", "Processes", "{F722C71E-EE99-40D0-DE0D-E45321F060B4}"
EndProject
Project("{FAE04EC0-301F-11D3-BF4B-00C04F79EFBC}") = "StrangeLoopProcess", "StrangeLoopSystem\Processes\StrangeLoopProcess\StrangeLoopProcess.csproj", "{09DE46C4-9BED-4D6D-A0A4-DC00ED9D54FB}"
EndProject
Project("{2150E333-8FDC-42A3-9474-1A3956D46DE8}") = "Security", "Security", "{DADE390A-BCF8-B704-D528-70305A6EA26A}"
EndProject
Project("{FAE04EC0-301F-11D3-BF4B-00C04F79EFBC}") = "Security", "StrangeLoopSystem\Security\Security\Security.csproj", "{FB439920-0BCD-4843-9EAB-BCE4329C272E}"
EndProject
Project("{2150E333-8FDC-42A3-9474-1A3956D46DE8}") = "Tests", "Tests", "{9BD28897-4678-91D5-AAD0-69B512ECD9B9}"
EndProject
Project("{FAE04EC0-301F-11D3-BF4B-00C04F79EFBC}") = "StrangeLoopIntegrationTests", "StrangeLoopSystem\Tests\StrangeLoopIntegrationTests\StrangeLoopIntegrationTests.csproj", "{63BBC39B-F0CC-41EC-B691-2E9AA520E2D3}"
EndProject
Project("{2150E333-8FDC-42A3-9474-1A3956D46DE8}") = "StrangeLoopSystem.AspireAppHost", "StrangeLoopSystem.AspireAppHost", "{9F8E3F94-E404-FD26-58AF-2B28F16E907A}"
EndProject
Project("{FAE04EC0-301F-11D3-BF4B-00C04F79EFBC}") = "StrangeLoopSystem.AspireAppHost.AppHost", "StrangeLoopSystem\StrangeLoopSystem.AspireAppHost\StrangeLoopSystem.AspireAppHost.AppHost\StrangeLoopSystem.AspireAppHost.AppHost.csproj", "{70264E4A-4DA5-46FD-B70B-D08AFD07A55F}"
EndProject
Project("{FAE04EC0-301F-11D3-BF4B-00C04F79EFBC}") = "StrangeLoopSystem.AspireAppHost.ServiceDefaults", "StrangeLoopSystem\StrangeLoopSystem.AspireAppHost\StrangeLoopSystem.AspireAppHost.ServiceDefaults\StrangeLoopSystem.AspireAppHost.ServiceDefaults.csproj", "{6BA9C413-2188-4D0E-A625-75DFC65FDA2C}"
EndProject
Project("{2150E333-8FDC-42A3-9474-1A3956D46DE8}") = "StrangeLoopSystem.Core", "StrangeLoopSystem.Core", "{4FE8A687-80D6-E626-C68C-9B149055DEE4}"
EndProject
Project("{FAE04EC0-301F-11D3-BF4B-00C04F79EFBC}") = "StrangeLoopSystem", "StrangeLoopSystem\StrangeLoopSystem.Core\StrangeLoopSystem.csproj", "{6292D58D-1AA6-46B2-A503-FC580AF57887}"
EndProject
Global
	GlobalSection(SolutionConfigurationPlatforms) = preSolution
		Debug|Any CPU = Debug|Any CPU
		Debug|x64 = Debug|x64
		Debug|x86 = Debug|x86
		Release|Any CPU = Release|Any CPU
		Release|x64 = Release|x64
		Release|x86 = Release|x86
	EndGlobalSection
	GlobalSection(ProjectConfigurationPlatforms) = postSolution
		{925EE411-0E45-44C5-BA46-71EBBC0CFB7D}.Debug|Any CPU.ActiveCfg = Debug|Any CPU
		{925EE411-0E45-44C5-BA46-71EBBC0CFB7D}.Debug|Any CPU.Build.0 = Debug|Any CPU
		{925EE411-0E45-44C5-BA46-71EBBC0CFB7D}.Debug|x64.ActiveCfg = Debug|Any CPU
		{925EE411-0E45-44C5-BA46-71EBBC0CFB7D}.Debug|x64.Build.0 = Debug|Any CPU
		{925EE411-0E45-44C5-BA46-71EBBC0CFB7D}.Debug|x86.ActiveCfg = Debug|Any CPU
		{925EE411-0E45-44C5-BA46-71EBBC0CFB7D}.Debug|x86.Build.0 = Debug|Any CPU
		{925EE411-0E45-44C5-BA46-71EBBC0CFB7D}.Release|Any CPU.ActiveCfg = Release|Any CPU
		{925EE411-0E45-44C5-BA46-71EBBC0CFB7D}.Release|Any CPU.Build.0 = Release|Any CPU
		{925EE411-0E45-44C5-BA46-71EBBC0CFB7D}.Release|x64.ActiveCfg = Release|Any CPU
		{925EE411-0E45-44C5-BA46-71EBBC0CFB7D}.Release|x64.Build.0 = Release|Any CPU
		{925EE411-0E45-44C5-BA46-71EBBC0CFB7D}.Release|x86.ActiveCfg = Release|Any CPU
		{925EE411-0E45-44C5-BA46-71EBBC0CFB7D}.Release|x86.Build.0 = Release|Any CPU
		{4CC679E8-EC28-44D0-B5AD-A36E05065F38}.Debug|Any CPU.ActiveCfg = Debug|Any CPU
		{4CC679E8-EC28-44D0-B5AD-A36E05065F38}.Debug|Any CPU.Build.0 = Debug|Any CPU
		{4CC679E8-EC28-44D0-B5AD-A36E05065F38}.Debug|x64.ActiveCfg = Debug|Any CPU
		{4CC679E8-EC28-44D0-B5AD-A36E05065F38}.Debug|x64.Build.0 = Debug|Any CPU
		{4CC679E8-EC28-44D0-B5AD-A36E05065F38}.Debug|x86.ActiveCfg = Debug|Any CPU
		{4CC679E8-EC28-44D0-B5AD-A36E05065F38}.Debug|x86.Build.0 = Debug|Any CPU
		{4CC679E8-EC28-44D0-B5AD-A36E05065F38}.Release|Any CPU.ActiveCfg = Release|Any CPU
		{4CC679E8-EC28-44D0-B5AD-A36E05065F38}.Release|Any CPU.Build.0 = Release|Any CPU
		{4CC679E8-EC28-44D0-B5AD-A36E05065F38}.Release|x64.ActiveCfg = Release|Any CPU
		{4CC679E8-EC28-44D0-B5AD-A36E05065F38}.Release|x64.Build.0 = Release|Any CPU
		{4CC679E8-EC28-44D0-B5AD-A36E05065F38}.Release|x86.ActiveCfg = Release|Any CPU
		{4CC679E8-EC28-44D0-B5AD-A36E05065F38}.Release|x86.Build.0 = Release|Any CPU
		{1C2AB1CF-BDA2-4027-8FA0-4800DD292EB1}.Debug|Any CPU.ActiveCfg = Debug|Any CPU
		{1C2AB1CF-BDA2-4027-8FA0-4800DD292EB1}.Debug|Any CPU.Build.0 = Debug|Any CPU
		{1C2AB1CF-BDA2-4027-8FA0-4800DD292EB1}.Debug|x64.ActiveCfg = Debug|Any CPU
		{1C2AB1CF-BDA2-4027-8FA0-4800DD292EB1}.Debug|x64.Build.0 = Debug|Any CPU
		{1C2AB1CF-BDA2-4027-8FA0-4800DD292EB1}.Debug|x86.ActiveCfg = Debug|Any CPU
		{1C2AB1CF-BDA2-4027-8FA0-4800DD292EB1}.Debug|x86.Build.0 = Debug|Any CPU
		{1C2AB1CF-BDA2-4027-8FA0-4800DD292EB1}.Release|Any CPU.ActiveCfg = Release|Any CPU
		{1C2AB1CF-BDA2-4027-8FA0-4800DD292EB1}.Release|Any CPU.Build.0 = Release|Any CPU
		{1C2AB1CF-BDA2-4027-8FA0-4800DD292EB1}.Release|x64.ActiveCfg = Release|Any CPU
		{1C2AB1CF-BDA2-4027-8FA0-4800DD292EB1}.Release|x64.Build.0 = Release|Any CPU
		{1C2AB1CF-BDA2-4027-8FA0-4800DD292EB1}.Release|x86.ActiveCfg = Release|Any CPU
		{1C2AB1CF-BDA2-4027-8FA0-4800DD292EB1}.Release|x86.Build.0 = Release|Any CPU
		{13CC50B0-6B1A-48C3-A3DB-A6600F3A15D4}.Debug|Any CPU.ActiveCfg = Debug|Any CPU
		{13CC50B0-6B1A-48C3-A3DB-A6600F3A15D4}.Debug|Any CPU.Build.0 = Debug|Any CPU
		{13CC50B0-6B1A-48C3-A3DB-A6600F3A15D4}.Debug|x64.ActiveCfg = Debug|Any CPU
		{13CC50B0-6B1A-48C3-A3DB-A6600F3A15D4}.Debug|x64.Build.0 = Debug|Any CPU
		{13CC50B0-6B1A-48C3-A3DB-A6600F3A15D4}.Debug|x86.ActiveCfg = Debug|Any CPU
		{13CC50B0-6B1A-48C3-A3DB-A6600F3A15D4}.Debug|x86.Build.0 = Debug|Any CPU
		{13CC50B0-6B1A-48C3-A3DB-A6600F3A15D4}.Release|Any CPU.ActiveCfg = Release|Any CPU
		{13CC50B0-6B1A-48C3-A3DB-A6600F3A15D4}.Release|Any CPU.Build.0 = Release|Any CPU
		{13CC50B0-6B1A-48C3-A3DB-A6600F3A15D4}.Release|x64.ActiveCfg = Release|Any CPU
		{13CC50B0-6B1A-48C3-A3DB-A6600F3A15D4}.Release|x64.Build.0 = Release|Any CPU
		{13CC50B0-6B1A-48C3-A3DB-A6600F3A15D4}.Release|x86.ActiveCfg = Release|Any CPU
		{13CC50B0-6B1A-48C3-A3DB-A6600F3A15D4}.Release|x86.Build.0 = Release|Any CPU
		{CF9DA8FA-BE41-4669-A3AC-0DB9E45791E7}.Debug|Any CPU.ActiveCfg = Debug|Any CPU
		{CF9DA8FA-BE41-4669-A3AC-0DB9E45791E7}.Debug|Any CPU.Build.0 = Debug|Any CPU
		{CF9DA8FA-BE41-4669-A3AC-0DB9E45791E7}.Debug|x64.ActiveCfg = Debug|Any CPU
		{CF9DA8FA-BE41-4669-A3AC-0DB9E45791E7}.Debug|x64.Build.0 = Debug|Any CPU
		{CF9DA8FA-BE41-4669-A3AC-0DB9E45791E7}.Debug|x86.ActiveCfg = Debug|Any CPU
		{CF9DA8FA-BE41-4669-A3AC-0DB9E45791E7}.Debug|x86.Build.0 = Debug|Any CPU
		{CF9DA8FA-BE41-4669-A3AC-0DB9E45791E7}.Release|Any CPU.ActiveCfg = Release|Any CPU
		{CF9DA8FA-BE41-4669-A3AC-0DB9E45791E7}.Release|Any CPU.Build.0 = Release|Any CPU
		{CF9DA8FA-BE41-4669-A3AC-0DB9E45791E7}.Release|x64.ActiveCfg = Release|Any CPU
		{CF9DA8FA-BE41-4669-A3AC-0DB9E45791E7}.Release|x64.Build.0 = Release|Any CPU
		{CF9DA8FA-BE41-4669-A3AC-0DB9E45791E7}.Release|x86.ActiveCfg = Release|Any CPU
		{CF9DA8FA-BE41-4669-A3AC-0DB9E45791E7}.Release|x86.Build.0 = Release|Any CPU
		{08AD3103-1943-404B-B3EC-4819D6878DC1}.Debug|Any CPU.ActiveCfg = Debug|Any CPU
		{08AD3103-1943-404B-B3EC-4819D6878DC1}.Debug|Any CPU.Build.0 = Debug|Any CPU
		{08AD3103-1943-404B-B3EC-4819D6878DC1}.Debug|x64.ActiveCfg = Debug|Any CPU
		{08AD3103-1943-404B-B3EC-4819D6878DC1}.Debug|x64.Build.0 = Debug|Any CPU
		{08AD3103-1943-404B-B3EC-4819D6878DC1}.Debug|x86.ActiveCfg = Debug|Any CPU
		{08AD3103-1943-404B-B3EC-4819D6878DC1}.Debug|x86.Build.0 = Debug|Any CPU
		{08AD3103-1943-404B-B3EC-4819D6878DC1}.Release|Any CPU.ActiveCfg = Release|Any CPU
		{08AD3103-1943-404B-B3EC-4819D6878DC1}.Release|Any CPU.Build.0 = Release|Any CPU
		{08AD3103-1943-404B-B3EC-4819D6878DC1}.Release|x64.ActiveCfg = Release|Any CPU
		{08AD3103-1943-404B-B3EC-4819D6878DC1}.Release|x64.Build.0 = Release|Any CPU
		{08AD3103-1943-404B-B3EC-4819D6878DC1}.Release|x86.ActiveCfg = Release|Any CPU
		{08AD3103-1943-404B-B3EC-4819D6878DC1}.Release|x86.Build.0 = Release|Any CPU
		{069C5C4C-BB7B-47A8-9471-CA1AEEEE2888}.Debug|Any CPU.ActiveCfg = Debug|Any CPU
		{069C5C4C-BB7B-47A8-9471-CA1AEEEE2888}.Debug|Any CPU.Build.0 = Debug|Any CPU
		{069C5C4C-BB7B-47A8-9471-CA1AEEEE2888}.Debug|x64.ActiveCfg = Debug|Any CPU
		{069C5C4C-BB7B-47A8-9471-CA1AEEEE2888}.Debug|x64.Build.0 = Debug|Any CPU
		{069C5C4C-BB7B-47A8-9471-CA1AEEEE2888}.Debug|x86.ActiveCfg = Debug|Any CPU
		{069C5C4C-BB7B-47A8-9471-CA1AEEEE2888}.Debug|x86.Build.0 = Debug|Any CPU
		{069C5C4C-BB7B-47A8-9471-CA1AEEEE2888}.Release|Any CPU.ActiveCfg = Release|Any CPU
		{069C5C4C-BB7B-47A8-9471-CA1AEEEE2888}.Release|Any CPU.Build.0 = Release|Any CPU
		{069C5C4C-BB7B-47A8-9471-CA1AEEEE2888}.Release|x64.ActiveCfg = Release|Any CPU
		{069C5C4C-BB7B-47A8-9471-CA1AEEEE2888}.Release|x64.Build.0 = Release|Any CPU
		{069C5C4C-BB7B-47A8-9471-CA1AEEEE2888}.Release|x86.ActiveCfg = Release|Any CPU
		{069C5C4C-BB7B-47A8-9471-CA1AEEEE2888}.Release|x86.Build.0 = Release|Any CPU
		{DF94BCCF-67E3-4B66-9F9F-49B7985158E7}.Debug|Any CPU.ActiveCfg = Debug|Any CPU
		{DF94BCCF-67E3-4B66-9F9F-49B7985158E7}.Debug|Any CPU.Build.0 = Debug|Any CPU
		{DF94BCCF-67E3-4B66-9F9F-49B7985158E7}.Debug|x64.ActiveCfg = Debug|Any CPU
		{DF94BCCF-67E3-4B66-9F9F-49B7985158E7}.Debug|x64.Build.0 = Debug|Any CPU
		{DF94BCCF-67E3-4B66-9F9F-49B7985158E7}.Debug|x86.ActiveCfg = Debug|Any CPU
		{DF94BCCF-67E3-4B66-9F9F-49B7985158E7}.Debug|x86.Build.0 = Debug|Any CPU
		{DF94BCCF-67E3-4B66-9F9F-49B7985158E7}.Release|Any CPU.ActiveCfg = Release|Any CPU
		{DF94BCCF-67E3-4B66-9F9F-49B7985158E7}.Release|Any CPU.Build.0 = Release|Any CPU
		{DF94BCCF-67E3-4B66-9F9F-49B7985158E7}.Release|x64.ActiveCfg = Release|Any CPU
		{DF94BCCF-67E3-4B66-9F9F-49B7985158E7}.Release|x64.Build.0 = Release|Any CPU
		{DF94BCCF-67E3-4B66-9F9F-49B7985158E7}.Release|x86.ActiveCfg = Release|Any CPU
		{DF94BCCF-67E3-4B66-9F9F-49B7985158E7}.Release|x86.Build.0 = Release|Any CPU
		{D53E41F8-22A5-4D9B-B2CA-9BE9F534126E}.Debug|Any CPU.ActiveCfg = Debug|Any CPU
		{D53E41F8-22A5-4D9B-B2CA-9BE9F534126E}.Debug|Any CPU.Build.0 = Debug|Any CPU
		{D53E41F8-22A5-4D9B-B2CA-9BE9F534126E}.Debug|x64.ActiveCfg = Debug|Any CPU
		{D53E41F8-22A5-4D9B-B2CA-9BE9F534126E}.Debug|x64.Build.0 = Debug|Any CPU
		{D53E41F8-22A5-4D9B-B2CA-9BE9F534126E}.Debug|x86.ActiveCfg = Debug|Any CPU
		{D53E41F8-22A5-4D9B-B2CA-9BE9F534126E}.Debug|x86.Build.0 = Debug|Any CPU
		{D53E41F8-22A5-4D9B-B2CA-9BE9F534126E}.Release|Any CPU.ActiveCfg = Release|Any CPU
		{D53E41F8-22A5-4D9B-B2CA-9BE9F534126E}.Release|Any CPU.Build.0 = Release|Any CPU
		{D53E41F8-22A5-4D9B-B2CA-9BE9F534126E}.Release|x64.ActiveCfg = Release|Any CPU
		{D53E41F8-22A5-4D9B-B2CA-9BE9F534126E}.Release|x64.Build.0 = Release|Any CPU
		{D53E41F8-22A5-4D9B-B2CA-9BE9F534126E}.Release|x86.ActiveCfg = Release|Any CPU
		{D53E41F8-22A5-4D9B-B2CA-9BE9F534126E}.Release|x86.Build.0 = Release|Any CPU
		{27514AEE-2720-49ED-9763-1F263EB1188E}.Debug|Any CPU.ActiveCfg = Debug|Any CPU
		{27514AEE-2720-49ED-9763-1F263EB1188E}.Debug|Any CPU.Build.0 = Debug|Any CPU
		{27514AEE-2720-49ED-9763-1F263EB1188E}.Debug|x64.ActiveCfg = Debug|Any CPU
		{27514AEE-2720-49ED-9763-1F263EB1188E}.Debug|x64.Build.0 = Debug|Any CPU
		{27514AEE-2720-49ED-9763-1F263EB1188E}.Debug|x86.ActiveCfg = Debug|Any CPU
		{27514AEE-2720-49ED-9763-1F263EB1188E}.Debug|x86.Build.0 = Debug|Any CPU
		{27514AEE-2720-49ED-9763-1F263EB1188E}.Release|Any CPU.ActiveCfg = Release|Any CPU
		{27514AEE-2720-49ED-9763-1F263EB1188E}.Release|Any CPU.Build.0 = Release|Any CPU
		{27514AEE-2720-49ED-9763-1F263EB1188E}.Release|x64.ActiveCfg = Release|Any CPU
		{27514AEE-2720-49ED-9763-1F263EB1188E}.Release|x64.Build.0 = Release|Any CPU
		{27514AEE-2720-49ED-9763-1F263EB1188E}.Release|x86.ActiveCfg = Release|Any CPU
		{27514AEE-2720-49ED-9763-1F263EB1188E}.Release|x86.Build.0 = Release|Any CPU
		{71BEA7CC-CCA3-4B30-ACFF-FCD533902A8C}.Debug|Any CPU.ActiveCfg = Debug|Any CPU
		{71BEA7CC-CCA3-4B30-ACFF-FCD533902A8C}.Debug|Any CPU.Build.0 = Debug|Any CPU
		{71BEA7CC-CCA3-4B30-ACFF-FCD533902A8C}.Debug|x64.ActiveCfg = Debug|Any CPU
		{71BEA7CC-CCA3-4B30-ACFF-FCD533902A8C}.Debug|x64.Build.0 = Debug|Any CPU
		{71BEA7CC-CCA3-4B30-ACFF-FCD533902A8C}.Debug|x86.ActiveCfg = Debug|Any CPU
		{71BEA7CC-CCA3-4B30-ACFF-FCD533902A8C}.Debug|x86.Build.0 = Debug|Any CPU
		{71BEA7CC-CCA3-4B30-ACFF-FCD533902A8C}.Release|Any CPU.ActiveCfg = Release|Any CPU
		{71BEA7CC-CCA3-4B30-ACFF-FCD533902A8C}.Release|Any CPU.Build.0 = Release|Any CPU
		{71BEA7CC-CCA3-4B30-ACFF-FCD533902A8C}.Release|x64.ActiveCfg = Release|Any CPU
		{71BEA7CC-CCA3-4B30-ACFF-FCD533902A8C}.Release|x64.Build.0 = Release|Any CPU
		{71BEA7CC-CCA3-4B30-ACFF-FCD533902A8C}.Release|x86.ActiveCfg = Release|Any CPU
		{71BEA7CC-CCA3-4B30-ACFF-FCD533902A8C}.Release|x86.Build.0 = Release|Any CPU
		{8F1EC245-918B-4959-B2A9-5A2A337BF089}.Debug|Any CPU.ActiveCfg = Debug|Any CPU
		{8F1EC245-918B-4959-B2A9-5A2A337BF089}.Debug|Any CPU.Build.0 = Debug|Any CPU
		{8F1EC245-918B-4959-B2A9-5A2A337BF089}.Debug|x64.ActiveCfg = Debug|Any CPU
		{8F1EC245-918B-4959-B2A9-5A2A337BF089}.Debug|x64.Build.0 = Debug|Any CPU
		{8F1EC245-918B-4959-B2A9-5A2A337BF089}.Debug|x86.ActiveCfg = Debug|Any CPU
		{8F1EC245-918B-4959-B2A9-5A2A337BF089}.Debug|x86.Build.0 = Debug|Any CPU
		{8F1EC245-918B-4959-B2A9-5A2A337BF089}.Release|Any CPU.ActiveCfg = Release|Any CPU
		{8F1EC245-918B-4959-B2A9-5A2A337BF089}.Release|Any CPU.Build.0 = Release|Any CPU
		{8F1EC245-918B-4959-B2A9-5A2A337BF089}.Release|x64.ActiveCfg = Release|Any CPU
		{8F1EC245-918B-4959-B2A9-5A2A337BF089}.Release|x64.Build.0 = Release|Any CPU
		{8F1EC245-918B-4959-B2A9-5A2A337BF089}.Release|x86.ActiveCfg = Release|Any CPU
		{8F1EC245-918B-4959-B2A9-5A2A337BF089}.Release|x86.Build.0 = Release|Any CPU
		{2336B43A-DBBA-498F-B29B-FBB02EC49F36}.Debug|Any CPU.ActiveCfg = Debug|Any CPU
		{2336B43A-DBBA-498F-B29B-FBB02EC49F36}.Debug|Any CPU.Build.0 = Debug|Any CPU
		{2336B43A-DBBA-498F-B29B-FBB02EC49F36}.Debug|x64.ActiveCfg = Debug|Any CPU
		{2336B43A-DBBA-498F-B29B-FBB02EC49F36}.Debug|x64.Build.0 = Debug|Any CPU
		{2336B43A-DBBA-498F-B29B-FBB02EC49F36}.Debug|x86.ActiveCfg = Debug|Any CPU
		{2336B43A-DBBA-498F-B29B-FBB02EC49F36}.Debug|x86.Build.0 = Debug|Any CPU
		{2336B43A-DBBA-498F-B29B-FBB02EC49F36}.Release|Any CPU.ActiveCfg = Release|Any CPU
		{2336B43A-DBBA-498F-B29B-FBB02EC49F36}.Release|Any CPU.Build.0 = Release|Any CPU
		{2336B43A-DBBA-498F-B29B-FBB02EC49F36}.Release|x64.ActiveCfg = Release|Any CPU
		{2336B43A-DBBA-498F-B29B-FBB02EC49F36}.Release|x64.Build.0 = Release|Any CPU
		{2336B43A-DBBA-498F-B29B-FBB02EC49F36}.Release|x86.ActiveCfg = Release|Any CPU
		{2336B43A-DBBA-498F-B29B-FBB02EC49F36}.Release|x86.Build.0 = Release|Any CPU
		{09DE46C4-9BED-4D6D-A0A4-DC00ED9D54FB}.Debug|Any CPU.ActiveCfg = Debug|Any CPU
		{09DE46C4-9BED-4D6D-A0A4-DC00ED9D54FB}.Debug|Any CPU.Build.0 = Debug|Any CPU
		{09DE46C4-9BED-4D6D-A0A4-DC00ED9D54FB}.Debug|x64.ActiveCfg = Debug|Any CPU
		{09DE46C4-9BED-4D6D-A0A4-DC00ED9D54FB}.Debug|x64.Build.0 = Debug|Any CPU
		{09DE46C4-9BED-4D6D-A0A4-DC00ED9D54FB}.Debug|x86.ActiveCfg = Debug|Any CPU
		{09DE46C4-9BED-4D6D-A0A4-DC00ED9D54FB}.Debug|x86.Build.0 = Debug|Any CPU
		{09DE46C4-9BED-4D6D-A0A4-DC00ED9D54FB}.Release|Any CPU.ActiveCfg = Release|Any CPU
		{09DE46C4-9BED-4D6D-A0A4-DC00ED9D54FB}.Release|Any CPU.Build.0 = Release|Any CPU
		{09DE46C4-9BED-4D6D-A0A4-DC00ED9D54FB}.Release|x64.ActiveCfg = Release|Any CPU
		{09DE46C4-9BED-4D6D-A0A4-DC00ED9D54FB}.Release|x64.Build.0 = Release|Any CPU
		{09DE46C4-9BED-4D6D-A0A4-DC00ED9D54FB}.Release|x86.ActiveCfg = Release|Any CPU
		{09DE46C4-9BED-4D6D-A0A4-DC00ED9D54FB}.Release|x86.Build.0 = Release|Any CPU
		{FB439920-0BCD-4843-9EAB-BCE4329C272E}.Debug|Any CPU.ActiveCfg = Debug|Any CPU
		{FB439920-0BCD-4843-9EAB-BCE4329C272E}.Debug|Any CPU.Build.0 = Debug|Any CPU
		{FB439920-0BCD-4843-9EAB-BCE4329C272E}.Debug|x64.ActiveCfg = Debug|Any CPU
		{FB439920-0BCD-4843-9EAB-BCE4329C272E}.Debug|x64.Build.0 = Debug|Any CPU
		{FB439920-0BCD-4843-9EAB-BCE4329C272E}.Debug|x86.ActiveCfg = Debug|Any CPU
		{FB439920-0BCD-4843-9EAB-BCE4329C272E}.Debug|x86.Build.0 = Debug|Any CPU
		{FB439920-0BCD-4843-9EAB-BCE4329C272E}.Release|Any CPU.ActiveCfg = Release|Any CPU
		{FB439920-0BCD-4843-9EAB-BCE4329C272E}.Release|Any CPU.Build.0 = Release|Any CPU
		{FB439920-0BCD-4843-9EAB-BCE4329C272E}.Release|x64.ActiveCfg = Release|Any CPU
		{FB439920-0BCD-4843-9EAB-BCE4329C272E}.Release|x64.Build.0 = Release|Any CPU
		{FB439920-0BCD-4843-9EAB-BCE4329C272E}.Release|x86.ActiveCfg = Release|Any CPU
		{FB439920-0BCD-4843-9EAB-BCE4329C272E}.Release|x86.Build.0 = Release|Any CPU
		{63BBC39B-F0CC-41EC-B691-2E9AA520E2D3}.Debug|Any CPU.ActiveCfg = Debug|Any CPU
		{63BBC39B-F0CC-41EC-B691-2E9AA520E2D3}.Debug|Any CPU.Build.0 = Debug|Any CPU
		{63BBC39B-F0CC-41EC-B691-2E9AA520E2D3}.Debug|x64.ActiveCfg = Debug|Any CPU
		{63BBC39B-F0CC-41EC-B691-2E9AA520E2D3}.Debug|x64.Build.0 = Debug|Any CPU
		{63BBC39B-F0CC-41EC-B691-2E9AA520E2D3}.Debug|x86.ActiveCfg = Debug|Any CPU
		{63BBC39B-F0CC-41EC-B691-2E9AA520E2D3}.Debug|x86.Build.0 = Debug|Any CPU
		{63BBC39B-F0CC-41EC-B691-2E9AA520E2D3}.Release|Any CPU.ActiveCfg = Release|Any CPU
		{63BBC39B-F0CC-41EC-B691-2E9AA520E2D3}.Release|Any CPU.Build.0 = Release|Any CPU
		{63BBC39B-F0CC-41EC-B691-2E9AA520E2D3}.Release|x64.ActiveCfg = Release|Any CPU
		{63BBC39B-F0CC-41EC-B691-2E9AA520E2D3}.Release|x64.Build.0 = Release|Any CPU
		{63BBC39B-F0CC-41EC-B691-2E9AA520E2D3}.Release|x86.ActiveCfg = Release|Any CPU
		{63BBC39B-F0CC-41EC-B691-2E9AA520E2D3}.Release|x86.Build.0 = Release|Any CPU
		{70264E4A-4DA5-46FD-B70B-D08AFD07A55F}.Debug|Any CPU.ActiveCfg = Debug|Any CPU
		{70264E4A-4DA5-46FD-B70B-D08AFD07A55F}.Debug|Any CPU.Build.0 = Debug|Any CPU
		{70264E4A-4DA5-46FD-B70B-D08AFD07A55F}.Debug|x64.ActiveCfg = Debug|Any CPU
		{70264E4A-4DA5-46FD-B70B-D08AFD07A55F}.Debug|x64.Build.0 = Debug|Any CPU
		{70264E4A-4DA5-46FD-B70B-D08AFD07A55F}.Debug|x86.ActiveCfg = Debug|Any CPU
		{70264E4A-4DA5-46FD-B70B-D08AFD07A55F}.Debug|x86.Build.0 = Debug|Any CPU
		{70264E4A-4DA5-46FD-B70B-D08AFD07A55F}.Release|Any CPU.ActiveCfg = Release|Any CPU
		{70264E4A-4DA5-46FD-B70B-D08AFD07A55F}.Release|Any CPU.Build.0 = Release|Any CPU
		{70264E4A-4DA5-46FD-B70B-D08AFD07A55F}.Release|x64.ActiveCfg = Release|Any CPU
		{70264E4A-4DA5-46FD-B70B-D08AFD07A55F}.Release|x64.Build.0 = Release|Any CPU
		{70264E4A-4DA5-46FD-B70B-D08AFD07A55F}.Release|x86.ActiveCfg = Release|Any CPU
		{70264E4A-4DA5-46FD-B70B-D08AFD07A55F}.Release|x86.Build.0 = Release|Any CPU
		{6BA9C413-2188-4D0E-A625-75DFC65FDA2C}.Debug|Any CPU.ActiveCfg = Debug|Any CPU
		{6BA9C413-2188-4D0E-A625-75DFC65FDA2C}.Debug|Any CPU.Build.0 = Debug|Any CPU
		{6BA9C413-2188-4D0E-A625-75DFC65FDA2C}.Debug|x64.ActiveCfg = Debug|Any CPU
		{6BA9C413-2188-4D0E-A625-75DFC65FDA2C}.Debug|x64.Build.0 = Debug|Any CPU
		{6BA9C413-2188-4D0E-A625-75DFC65FDA2C}.Debug|x86.ActiveCfg = Debug|Any CPU
		{6BA9C413-2188-4D0E-A625-75DFC65FDA2C}.Debug|x86.Build.0 = Debug|Any CPU
		{6BA9C413-2188-4D0E-A625-75DFC65FDA2C}.Release|Any CPU.ActiveCfg = Release|Any CPU
		{6BA9C413-2188-4D0E-A625-75DFC65FDA2C}.Release|Any CPU.Build.0 = Release|Any CPU
		{6BA9C413-2188-4D0E-A625-75DFC65FDA2C}.Release|x64.ActiveCfg = Release|Any CPU
		{6BA9C413-2188-4D0E-A625-75DFC65FDA2C}.Release|x64.Build.0 = Release|Any CPU
		{6BA9C413-2188-4D0E-A625-75DFC65FDA2C}.Release|x86.ActiveCfg = Release|Any CPU
		{6BA9C413-2188-4D0E-A625-75DFC65FDA2C}.Release|x86.Build.0 = Release|Any CPU
		{6292D58D-1AA6-46B2-A503-FC580AF57887}.Debug|Any CPU.ActiveCfg = Debug|Any CPU
		{6292D58D-1AA6-46B2-A503-FC580AF57887}.Debug|Any CPU.Build.0 = Debug|Any CPU
		{6292D58D-1AA6-46B2-A503-FC580AF57887}.Debug|x64.ActiveCfg = Debug|Any CPU
		{6292D58D-1AA6-46B2-A503-FC580AF57887}.Debug|x64.Build.0 = Debug|Any CPU
		{6292D58D-1AA6-46B2-A503-FC580AF57887}.Debug|x86.ActiveCfg = Debug|Any CPU
		{6292D58D-1AA6-46B2-A503-FC580AF57887}.Debug|x86.Build.0 = Debug|Any CPU
		{6292D58D-1AA6-46B2-A503-FC580AF57887}.Release|Any CPU.ActiveCfg = Release|Any CPU
		{6292D58D-1AA6-46B2-A503-FC580AF57887}.Release|Any CPU.Build.0 = Release|Any CPU
		{6292D58D-1AA6-46B2-A503-FC580AF57887}.Release|x64.ActiveCfg = Release|Any CPU
		{6292D58D-1AA6-46B2-A503-FC580AF57887}.Release|x64.Build.0 = Release|Any CPU
		{6292D58D-1AA6-46B2-A503-FC580AF57887}.Release|x86.ActiveCfg = Release|Any CPU
		{6292D58D-1AA6-46B2-A503-FC580AF57887}.Release|x86.Build.0 = Release|Any CPU
	EndGlobalSection
	GlobalSection(SolutionProperties) = preSolution
		HideSolutionNode = FALSE
	EndGlobalSection
	GlobalSection(NestedProjects) = preSolution
		{925EE411-0E45-44C5-BA46-71EBBC0CFB7D} = {63A1A421-0285-FBFF-08D7-305B8B206661}
		{4CC679E8-EC28-44D0-B5AD-A36E05065F38} = {63A1A421-0285-FBFF-08D7-305B8B206661}
		{1C2AB1CF-BDA2-4027-8FA0-4800DD292EB1} = {63A1A421-0285-FBFF-08D7-305B8B206661}
		{13CC50B0-6B1A-48C3-A3DB-A6600F3A15D4} = {63A1A421-0285-FBFF-08D7-305B8B206661}
		{CF9DA8FA-BE41-4669-A3AC-0DB9E45791E7} = {63A1A421-0285-FBFF-08D7-305B8B206661}
		{08AD3103-1943-404B-B3EC-4819D6878DC1} = {63A1A421-0285-FBFF-08D7-305B8B206661}
		{069C5C4C-BB7B-47A8-9471-CA1AEEEE2888} = {63A1A421-0285-FBFF-08D7-305B8B206661}
		{6304CCEF-A468-2337-B8EC-C86703775D2A} = {63A1A421-0285-FBFF-08D7-305B8B206661}
		{DF94BCCF-67E3-4B66-9F9F-49B7985158E7} = {6304CCEF-A468-2337-B8EC-C86703775D2A}
		{D53E41F8-22A5-4D9B-B2CA-9BE9F534126E} = {6304CCEF-A468-2337-B8EC-C86703775D2A}
		{27514AEE-2720-49ED-9763-1F263EB1188E} = {6304CCEF-A468-2337-B8EC-C86703775D2A}
		{71BEA7CC-CCA3-4B30-ACFF-FCD533902A8C} = {6304CCEF-A468-2337-B8EC-C86703775D2A}
		{8F1EC245-918B-4959-B2A9-5A2A337BF089} = {6304CCEF-A468-2337-B8EC-C86703775D2A}
		{2336B43A-DBBA-498F-B29B-FBB02EC49F36} = {6304CCEF-A468-2337-B8EC-C86703775D2A}
		{F722C71E-EE99-40D0-DE0D-E45321F060B4} = {63A1A421-0285-FBFF-08D7-305B8B206661}
		{09DE46C4-9BED-4D6D-A0A4-DC00ED9D54FB} = {F722C71E-EE99-40D0-DE0D-E45321F060B4}
		{DADE390A-BCF8-B704-D528-70305A6EA26A} = {63A1A421-0285-FBFF-08D7-305B8B206661}
		{FB439920-0BCD-4843-9EAB-BCE4329C272E} = {DADE390A-BCF8-B704-D528-70305A6EA26A}
		{9BD28897-4678-91D5-AAD0-69B512ECD9B9} = {63A1A421-0285-FBFF-08D7-305B8B206661}
		{63BBC39B-F0CC-41EC-B691-2E9AA520E2D3} = {9BD28897-4678-91D5-AAD0-69B512ECD9B9}
		{9F8E3F94-E404-FD26-58AF-2B28F16E907A} = {63A1A421-0285-FBFF-08D7-305B8B206661}
		{70264E4A-4DA5-46FD-B70B-D08AFD07A55F} = {9F8E3F94-E404-FD26-58AF-2B28F16E907A}
		{6BA9C413-2188-4D0E-A625-75DFC65FDA2C} = {9F8E3F94-E404-FD26-58AF-2B28F16E907A}
		{4FE8A687-80D6-E626-C68C-9B149055DEE4} = {63A1A421-0285-FBFF-08D7-305B8B206661}
		{6292D58D-1AA6-46B2-A503-FC580AF57887} = {4FE8A687-80D6-E626-C68C-9B149055DEE4}
	EndGlobalSection
EndGlobal
