
Microsoft Visual Studio Solution File, Format Version 12.00
# Visual Studio Version 17
VisualStudioVersion = 17.0.31903.59
MinimumVisualStudioVersion = 10.0.40219.1
Project("{2150E333-8FDC-42A3-9474-1A3956D46DE8}") = "StrangeLoopSystem", "StrangeLoopSystem", "{63A1A421-0285-FBFF-08D7-305B8B206661}"
EndProject
Project("{FAE04EC0-301F-11D3-BF4B-00C04F79EFBC}") = "Planner", "StrangeLoopSystem\Planner\Planner.csproj", "{925EE411-0E45-44C5-BA46-71EBBC0CFB7D}"
EndProject
Project("{FAE04EC0-301F-11D3-BF4B-00C04F79EFBC}") = "Maker", "StrangeLoopSystem\Maker\Maker.csproj", "{4CC679E8-EC28-44D0-B5AD-A36E05065F38}"
EndProject
Project("{FAE04EC0-301F-11D3-BF4B-00C04F79EFBC}") = "Checker", "StrangeLoopSystem\Checker\Checker.csproj", "{1C2AB1CF-BDA2-4027-8FA0-4800DD292EB1}"
EndProject
Project("{FAE04EC0-301F-11D3-BF4B-00C04F79EFBC}") = "Reflector", "StrangeLoopSystem\Reflector\Reflector.csproj", "{13CC50B0-6B1A-48C3-A3DB-A6600F3A15D4}"
EndProject
Project("{FAE04EC0-301F-11D3-BF4B-00C04F79EFBC}") = "Orchestrator", "StrangeLoopSystem\Orchestrator\Orchestrator.csproj", "{CF9DA8FA-BE41-4669-A3AC-0DB9E45791E7}"
EndProject
Project("{FAE04EC0-301F-11D3-BF4B-00C04F79EFBC}") = "MetaOrchestrator", "StrangeLoopSystem\MetaOrchestrator\MetaOrchestrator.csproj", "{08AD3103-1943-404B-B3EC-4819D6878DC1}"
EndProject
Project("{FAE04EC0-301F-11D3-BF4B-00C04F79EFBC}") = "StrangeLoopSystem", "StrangeLoopSystem\StrangeLoopSystem\StrangeLoopSystem.csproj", "{069C5C4C-BB7B-47A8-9471-CA1AEEEE2888}"
EndProject
Global
	GlobalSection(SolutionConfigurationPlatforms) = preSolution
		Debug|Any CPU = Debug|Any CPU
		Debug|x64 = Debug|x64
		Debug|x86 = Debug|x86
		Release|Any CPU = Release|Any CPU
		Release|x64 = Release|x64
		Release|x86 = Release|x86
	EndGlobalSection
	GlobalSection(ProjectConfigurationPlatforms) = postSolution
		{925EE411-0E45-44C5-BA46-71EBBC0CFB7D}.Debug|Any CPU.ActiveCfg = Debug|Any CPU
		{925EE411-0E45-44C5-BA46-71EBBC0CFB7D}.Debug|Any CPU.Build.0 = Debug|Any CPU
		{925EE411-0E45-44C5-BA46-71EBBC0CFB7D}.Debug|x64.ActiveCfg = Debug|Any CPU
		{925EE411-0E45-44C5-BA46-71EBBC0CFB7D}.Debug|x64.Build.0 = Debug|Any CPU
		{925EE411-0E45-44C5-BA46-71EBBC0CFB7D}.Debug|x86.ActiveCfg = Debug|Any CPU
		{925EE411-0E45-44C5-BA46-71EBBC0CFB7D}.Debug|x86.Build.0 = Debug|Any CPU
		{925EE411-0E45-44C5-BA46-71EBBC0CFB7D}.Release|Any CPU.ActiveCfg = Release|Any CPU
		{925EE411-0E45-44C5-BA46-71EBBC0CFB7D}.Release|Any CPU.Build.0 = Release|Any CPU
		{925EE411-0E45-44C5-BA46-71EBBC0CFB7D}.Release|x64.ActiveCfg = Release|Any CPU
		{925EE411-0E45-44C5-BA46-71EBBC0CFB7D}.Release|x64.Build.0 = Release|Any CPU
		{925EE411-0E45-44C5-BA46-71EBBC0CFB7D}.Release|x86.ActiveCfg = Release|Any CPU
		{925EE411-0E45-44C5-BA46-71EBBC0CFB7D}.Release|x86.Build.0 = Release|Any CPU
		{4CC679E8-EC28-44D0-B5AD-A36E05065F38}.Debug|Any CPU.ActiveCfg = Debug|Any CPU
		{4CC679E8-EC28-44D0-B5AD-A36E05065F38}.Debug|Any CPU.Build.0 = Debug|Any CPU
		{4CC679E8-EC28-44D0-B5AD-A36E05065F38}.Debug|x64.ActiveCfg = Debug|Any CPU
		{4CC679E8-EC28-44D0-B5AD-A36E05065F38}.Debug|x64.Build.0 = Debug|Any CPU
		{4CC679E8-EC28-44D0-B5AD-A36E05065F38}.Debug|x86.ActiveCfg = Debug|Any CPU
		{4CC679E8-EC28-44D0-B5AD-A36E05065F38}.Debug|x86.Build.0 = Debug|Any CPU
		{4CC679E8-EC28-44D0-B5AD-A36E05065F38}.Release|Any CPU.ActiveCfg = Release|Any CPU
		{4CC679E8-EC28-44D0-B5AD-A36E05065F38}.Release|Any CPU.Build.0 = Release|Any CPU
		{4CC679E8-EC28-44D0-B5AD-A36E05065F38}.Release|x64.ActiveCfg = Release|Any CPU
		{4CC679E8-EC28-44D0-B5AD-A36E05065F38}.Release|x64.Build.0 = Release|Any CPU
		{4CC679E8-EC28-44D0-B5AD-A36E05065F38}.Release|x86.ActiveCfg = Release|Any CPU
		{4CC679E8-EC28-44D0-B5AD-A36E05065F38}.Release|x86.Build.0 = Release|Any CPU
		{1C2AB1CF-BDA2-4027-8FA0-4800DD292EB1}.Debug|Any CPU.ActiveCfg = Debug|Any CPU
		{1C2AB1CF-BDA2-4027-8FA0-4800DD292EB1}.Debug|Any CPU.Build.0 = Debug|Any CPU
		{1C2AB1CF-BDA2-4027-8FA0-4800DD292EB1}.Debug|x64.ActiveCfg = Debug|Any CPU
		{1C2AB1CF-BDA2-4027-8FA0-4800DD292EB1}.Debug|x64.Build.0 = Debug|Any CPU
		{1C2AB1CF-BDA2-4027-8FA0-4800DD292EB1}.Debug|x86.ActiveCfg = Debug|Any CPU
		{1C2AB1CF-BDA2-4027-8FA0-4800DD292EB1}.Debug|x86.Build.0 = Debug|Any CPU
		{1C2AB1CF-BDA2-4027-8FA0-4800DD292EB1}.Release|Any CPU.ActiveCfg = Release|Any CPU
		{1C2AB1CF-BDA2-4027-8FA0-4800DD292EB1}.Release|Any CPU.Build.0 = Release|Any CPU
		{1C2AB1CF-BDA2-4027-8FA0-4800DD292EB1}.Release|x64.ActiveCfg = Release|Any CPU
		{1C2AB1CF-BDA2-4027-8FA0-4800DD292EB1}.Release|x64.Build.0 = Release|Any CPU
		{1C2AB1CF-BDA2-4027-8FA0-4800DD292EB1}.Release|x86.ActiveCfg = Release|Any CPU
		{1C2AB1CF-BDA2-4027-8FA0-4800DD292EB1}.Release|x86.Build.0 = Release|Any CPU
		{13CC50B0-6B1A-48C3-A3DB-A6600F3A15D4}.Debug|Any CPU.ActiveCfg = Debug|Any CPU
		{13CC50B0-6B1A-48C3-A3DB-A6600F3A15D4}.Debug|Any CPU.Build.0 = Debug|Any CPU
		{13CC50B0-6B1A-48C3-A3DB-A6600F3A15D4}.Debug|x64.ActiveCfg = Debug|Any CPU
		{13CC50B0-6B1A-48C3-A3DB-A6600F3A15D4}.Debug|x64.Build.0 = Debug|Any CPU
		{13CC50B0-6B1A-48C3-A3DB-A6600F3A15D4}.Debug|x86.ActiveCfg = Debug|Any CPU
		{13CC50B0-6B1A-48C3-A3DB-A6600F3A15D4}.Debug|x86.Build.0 = Debug|Any CPU
		{13CC50B0-6B1A-48C3-A3DB-A6600F3A15D4}.Release|Any CPU.ActiveCfg = Release|Any CPU
		{13CC50B0-6B1A-48C3-A3DB-A6600F3A15D4}.Release|Any CPU.Build.0 = Release|Any CPU
		{13CC50B0-6B1A-48C3-A3DB-A6600F3A15D4}.Release|x64.ActiveCfg = Release|Any CPU
		{13CC50B0-6B1A-48C3-A3DB-A6600F3A15D4}.Release|x64.Build.0 = Release|Any CPU
		{13CC50B0-6B1A-48C3-A3DB-A6600F3A15D4}.Release|x86.ActiveCfg = Release|Any CPU
		{13CC50B0-6B1A-48C3-A3DB-A6600F3A15D4}.Release|x86.Build.0 = Release|Any CPU
		{CF9DA8FA-BE41-4669-A3AC-0DB9E45791E7}.Debug|Any CPU.ActiveCfg = Debug|Any CPU
		{CF9DA8FA-BE41-4669-A3AC-0DB9E45791E7}.Debug|Any CPU.Build.0 = Debug|Any CPU
		{CF9DA8FA-BE41-4669-A3AC-0DB9E45791E7}.Debug|x64.ActiveCfg = Debug|Any CPU
		{CF9DA8FA-BE41-4669-A3AC-0DB9E45791E7}.Debug|x64.Build.0 = Debug|Any CPU
		{CF9DA8FA-BE41-4669-A3AC-0DB9E45791E7}.Debug|x86.ActiveCfg = Debug|Any CPU
		{CF9DA8FA-BE41-4669-A3AC-0DB9E45791E7}.Debug|x86.Build.0 = Debug|Any CPU
		{CF9DA8FA-BE41-4669-A3AC-0DB9E45791E7}.Release|Any CPU.ActiveCfg = Release|Any CPU
		{CF9DA8FA-BE41-4669-A3AC-0DB9E45791E7}.Release|Any CPU.Build.0 = Release|Any CPU
		{CF9DA8FA-BE41-4669-A3AC-0DB9E45791E7}.Release|x64.ActiveCfg = Release|Any CPU
		{CF9DA8FA-BE41-4669-A3AC-0DB9E45791E7}.Release|x64.Build.0 = Release|Any CPU
		{CF9DA8FA-BE41-4669-A3AC-0DB9E45791E7}.Release|x86.ActiveCfg = Release|Any CPU
		{CF9DA8FA-BE41-4669-A3AC-0DB9E45791E7}.Release|x86.Build.0 = Release|Any CPU
		{08AD3103-1943-404B-B3EC-4819D6878DC1}.Debug|Any CPU.ActiveCfg = Debug|Any CPU
		{08AD3103-1943-404B-B3EC-4819D6878DC1}.Debug|Any CPU.Build.0 = Debug|Any CPU
		{08AD3103-1943-404B-B3EC-4819D6878DC1}.Debug|x64.ActiveCfg = Debug|Any CPU
		{08AD3103-1943-404B-B3EC-4819D6878DC1}.Debug|x64.Build.0 = Debug|Any CPU
		{08AD3103-1943-404B-B3EC-4819D6878DC1}.Debug|x86.ActiveCfg = Debug|Any CPU
		{08AD3103-1943-404B-B3EC-4819D6878DC1}.Debug|x86.Build.0 = Debug|Any CPU
		{08AD3103-1943-404B-B3EC-4819D6878DC1}.Release|Any CPU.ActiveCfg = Release|Any CPU
		{08AD3103-1943-404B-B3EC-4819D6878DC1}.Release|Any CPU.Build.0 = Release|Any CPU
		{08AD3103-1943-404B-B3EC-4819D6878DC1}.Release|x64.ActiveCfg = Release|Any CPU
		{08AD3103-1943-404B-B3EC-4819D6878DC1}.Release|x64.Build.0 = Release|Any CPU
		{08AD3103-1943-404B-B3EC-4819D6878DC1}.Release|x86.ActiveCfg = Release|Any CPU
		{08AD3103-1943-404B-B3EC-4819D6878DC1}.Release|x86.Build.0 = Release|Any CPU
		{069C5C4C-BB7B-47A8-9471-CA1AEEEE2888}.Debug|Any CPU.ActiveCfg = Debug|Any CPU
		{069C5C4C-BB7B-47A8-9471-CA1AEEEE2888}.Debug|Any CPU.Build.0 = Debug|Any CPU
		{069C5C4C-BB7B-47A8-9471-CA1AEEEE2888}.Debug|x64.ActiveCfg = Debug|Any CPU
		{069C5C4C-BB7B-47A8-9471-CA1AEEEE2888}.Debug|x64.Build.0 = Debug|Any CPU
		{069C5C4C-BB7B-47A8-9471-CA1AEEEE2888}.Debug|x86.ActiveCfg = Debug|Any CPU
		{069C5C4C-BB7B-47A8-9471-CA1AEEEE2888}.Debug|x86.Build.0 = Debug|Any CPU
		{069C5C4C-BB7B-47A8-9471-CA1AEEEE2888}.Release|Any CPU.ActiveCfg = Release|Any CPU
		{069C5C4C-BB7B-47A8-9471-CA1AEEEE2888}.Release|Any CPU.Build.0 = Release|Any CPU
		{069C5C4C-BB7B-47A8-9471-CA1AEEEE2888}.Release|x64.ActiveCfg = Release|Any CPU
		{069C5C4C-BB7B-47A8-9471-CA1AEEEE2888}.Release|x64.Build.0 = Release|Any CPU
		{069C5C4C-BB7B-47A8-9471-CA1AEEEE2888}.Release|x86.ActiveCfg = Release|Any CPU
		{069C5C4C-BB7B-47A8-9471-CA1AEEEE2888}.Release|x86.Build.0 = Release|Any CPU
	EndGlobalSection
	GlobalSection(SolutionProperties) = preSolution
		HideSolutionNode = FALSE
	EndGlobalSection
	GlobalSection(NestedProjects) = preSolution
		{925EE411-0E45-44C5-BA46-71EBBC0CFB7D} = {63A1A421-0285-FBFF-08D7-305B8B206661}
		{4CC679E8-EC28-44D0-B5AD-A36E05065F38} = {63A1A421-0285-FBFF-08D7-305B8B206661}
		{1C2AB1CF-BDA2-4027-8FA0-4800DD292EB1} = {63A1A421-0285-FBFF-08D7-305B8B206661}
		{13CC50B0-6B1A-48C3-A3DB-A6600F3A15D4} = {63A1A421-0285-FBFF-08D7-305B8B206661}
		{CF9DA8FA-BE41-4669-A3AC-0DB9E45791E7} = {63A1A421-0285-FBFF-08D7-305B8B206661}
		{08AD3103-1943-404B-B3EC-4819D6878DC1} = {63A1A421-0285-FBFF-08D7-305B8B206661}
		{069C5C4C-BB7B-47A8-9471-CA1AEEEE2888} = {63A1A421-0285-FBFF-08D7-305B8B206661}
	EndGlobalSection
EndGlobal
