Microsoft Visual Studio Solution File, Format Version 12.00
# Visual Studio Version 17
VisualStudioVersion = 17.5.2.0
MinimumVisualStudioVersion = 10.0.40219.1
Project("{FAE04EC0-301F-11D3-BF4B-00C04F79EFBC}") = "TestProject", "TestProject\TestProject.csproj", "{C393C39E-434B-21C1-6C56-7AC4E694B8B1}"
EndProject
Project("{2150E333-8FDC-42A3-9474-1A3956D46DE8}") = "src", "src", "{827E0CD3-B72D-47B6-A68D-7590B98EB39B}"
EndProject
Project("{2150E333-8FDC-42A3-9474-1A3956D46DE8}") = "tests", "tests", "{0AB3BF05-4346-4AA6-1389-037BE0695223}"
EndProject
Project("{FAE04EC0-301F-11D3-BF4B-00C04F79EFBC}") = "StrangeLoop.AppHost", "src\StrangeLoop.AppHost\StrangeLoop.AppHost.csproj", "{088F8BFB-137B-9C8A-623A-67DEB413D936}"
EndProject
Project("{FAE04EC0-301F-11D3-BF4B-00C04F79EFBC}") = "StrangeLoopSystem.AspireAppHost.AppHost", "src\StrangeLoop.AppHost\StrangeLoopSystem.AspireAppHost.AppHost.csproj", "{4ADA636F-D6BB-9FFC-14E1-6056C4347BA1}"
EndProject
Project("{FAE04EC0-301F-11D3-BF4B-00C04F79EFBC}") = "StrangeLoop.Orchestrator", "src\StrangeLoop.Orchestrator\StrangeLoop.Orchestrator.csproj", "{E2A4A4C2-0785-068D-C096-DA5906D66413}"
EndProject
Project("{FAE04EC0-301F-11D3-BF4B-00C04F79EFBC}") = "StrangeLoopSystem", "src\StrangeLoop.Orchestrator\StrangeLoopSystem.csproj", "{C719C1F4-DAFD-C9A3-D795-E4D08D625C7A}"
EndProject
Project("{FAE04EC0-301F-11D3-BF4B-00C04F79EFBC}") = "StrangeLoop.ServiceDefaults", "src\StrangeLoop.ServiceDefaults\StrangeLoop.ServiceDefaults.csproj", "{CEEACF48-B926-708F-E1E9-26D1F58BDC80}"
EndProject
Project("{FAE04EC0-301F-11D3-BF4B-00C04F79EFBC}") = "StrangeLoopSystem.AspireAppHost.ServiceDefaults", "src\StrangeLoop.ServiceDefaults\StrangeLoopSystem.AspireAppHost.ServiceDefaults.csproj", "{49F072F1-92DB-4842-3515-5625698DFC35}"
EndProject
Project("{FAE04EC0-301F-11D3-BF4B-00C04F79EFBC}") = "StrangeLoop.IntegrationTests", "tests\StrangeLoop.IntegrationTests\StrangeLoop.IntegrationTests.csproj", "{FF7DBB8C-1640-C30B-69FF-8DD9D42EDE2B}"
EndProject
Project("{FAE04EC0-301F-11D3-BF4B-00C04F79EFBC}") = "StrangeLoop.LoadTests", "tests\StrangeLoop.LoadTests\StrangeLoop.LoadTests.csproj", "{595D6E31-2D79-1C2A-251E-74883CBFAF4B}"
EndProject
Project("{FAE04EC0-301F-11D3-BF4B-00C04F79EFBC}") = "StrangeLoop.UnitTests", "tests\StrangeLoop.UnitTests\StrangeLoop.UnitTests.csproj", "{4EFA8931-5E21-A929-664B-5DC8E5071991}"
EndProject
Project("{2150E333-8FDC-42A3-9474-1A3956D46DE8}") = "Agents", "Agents", "{BB45B5A8-6B14-5255-64D0-EA6BEE8A90C1}"
EndProject
Project("{FAE04EC0-301F-11D3-BF4B-00C04F79EFBC}") = "StrangeLoop.AnalysisAgent", "src\Agents\StrangeLoop.AnalysisAgent\StrangeLoop.AnalysisAgent.csproj", "{BEDAE70C-DA38-6B4A-1D6F-38EE3684DB15}"
EndProject
Project("{FAE04EC0-301F-11D3-BF4B-00C04F79EFBC}") = "StrangeLoop.KnowledgeUpdateAgent", "src\Agents\StrangeLoop.KnowledgeUpdateAgent\StrangeLoop.KnowledgeUpdateAgent.csproj", "{048A5D95-10A2-BEBF-783C-449DAF2B783F}"
EndProject
Project("{FAE04EC0-301F-11D3-BF4B-00C04F79EFBC}") = "StrangeLoop.LoopbackAgent", "src\Agents\StrangeLoop.LoopbackAgent\StrangeLoop.LoopbackAgent.csproj", "{06844DF0-1050-5092-B36D-A657255EF7B4}"
EndProject
Project("{FAE04EC0-301F-11D3-BF4B-00C04F79EFBC}") = "StrangeLoop.MonitoringAgent", "src\Agents\StrangeLoop.MonitoringAgent\StrangeLoop.MonitoringAgent.csproj", "{47AA9990-E466-1D33-E878-5AF2E33423FC}"
EndProject
Project("{FAE04EC0-301F-11D3-BF4B-00C04F79EFBC}") = "StrangeLoop.OptimizationAgent", "src\Agents\StrangeLoop.OptimizationAgent\StrangeLoop.OptimizationAgent.csproj", "{1CB6C00F-F3FC-9B9B-9DF4-AC4A0DD50FA2}"
EndProject
Project("{FAE04EC0-301F-11D3-BF4B-00C04F79EFBC}") = "StrangeLoop.ReflectionAgent", "src\Agents\StrangeLoop.ReflectionAgent\StrangeLoop.ReflectionAgent.csproj", "{5D4018F5-3534-AC81-E59E-5FA1211CD051}"
EndProject
Project("{2150E333-8FDC-42A3-9474-1A3956D46DE8}") = "Core", "Core", "{8D626EA8-CB54-BC41-363A-217881BEBA6E}"
EndProject
Project("{FAE04EC0-301F-11D3-BF4B-00C04F79EFBC}") = "StrangeLoop.Core", "src\Core\StrangeLoop.Core\StrangeLoop.Core.csproj", "{763764C3-A3C5-8587-42E1-CA9CA2845255}"
EndProject
Project("{FAE04EC0-301F-11D3-BF4B-00C04F79EFBC}") = "StrangeLoop.SemanticKernel", "src\Core\StrangeLoop.SemanticKernel\StrangeLoop.SemanticKernel.csproj", "{65D1FDD6-2A73-289B-F4AE-883633129FED}"
EndProject
Project("{2150E333-8FDC-42A3-9474-1A3956D46DE8}") = "Infrastructure", "Infrastructure", "{9048EB7F-3875-A59E-E36B-5BD4C6F2A282}"
EndProject
Project("{FAE04EC0-301F-11D3-BF4B-00C04F79EFBC}") = "StrangeLoop.Infrastructure", "src\Infrastructure\StrangeLoop.Infrastructure\StrangeLoop.Infrastructure.csproj", "{4B711BF3-F8A9-91EC-A3CE-0915DE92A8BF}"
EndProject
Project("{FAE04EC0-301F-11D3-BF4B-00C04F79EFBC}") = "StrangeLoop.Security", "src\Infrastructure\StrangeLoop.Security\StrangeLoop.Security.csproj", "{54055F6D-1216-FD1D-42B4-6369F387AEE6}"
EndProject
Project("{2150E333-8FDC-42A3-9474-1A3956D46DE8}") = "Processes", "Processes", "{AB8CDE7B-15D6-1510-8C67-415A22713AFF}"
EndProject
Project("{FAE04EC0-301F-11D3-BF4B-00C04F79EFBC}") = "StrangeLoop.Processes", "src\Processes\StrangeLoop.Processes\StrangeLoop.Processes.csproj", "{1332B7CF-875F-1EB2-F5C6-EB337E9B5F05}"
EndProject
Project("{2150E333-8FDC-42A3-9474-1A3956D46DE8}") = "Web", "Web", "{03997797-E7F5-0643-168D-B8EA7178C2FE}"
EndProject
Project("{FAE04EC0-301F-11D3-BF4B-00C04F79EFBC}") = "StrangeLoop.WebApp", "src\Web\StrangeLoop.WebApp\StrangeLoop.WebApp.csproj", "{D2C7AA0C-00B2-9707-5103-2E236709D3DF}"
EndProject
Global
	GlobalSection(SolutionConfigurationPlatforms) = preSolution
		Debug|Any CPU = Debug|Any CPU
		Release|Any CPU = Release|Any CPU
	EndGlobalSection
	GlobalSection(ProjectConfigurationPlatforms) = postSolution
		{C393C39E-434B-21C1-6C56-7AC4E694B8B1}.Debug|Any CPU.ActiveCfg = Debug|Any CPU
		{C393C39E-434B-21C1-6C56-7AC4E694B8B1}.Debug|Any CPU.Build.0 = Debug|Any CPU
		{C393C39E-434B-21C1-6C56-7AC4E694B8B1}.Release|Any CPU.ActiveCfg = Release|Any CPU
		{C393C39E-434B-21C1-6C56-7AC4E694B8B1}.Release|Any CPU.Build.0 = Release|Any CPU
		{088F8BFB-137B-9C8A-623A-67DEB413D936}.Debug|Any CPU.ActiveCfg = Debug|Any CPU
		{088F8BFB-137B-9C8A-623A-67DEB413D936}.Debug|Any CPU.Build.0 = Debug|Any CPU
		{088F8BFB-137B-9C8A-623A-67DEB413D936}.Release|Any CPU.ActiveCfg = Release|Any CPU
		{088F8BFB-137B-9C8A-623A-67DEB413D936}.Release|Any CPU.Build.0 = Release|Any CPU
		{4ADA636F-D6BB-9FFC-14E1-6056C4347BA1}.Debug|Any CPU.ActiveCfg = Debug|Any CPU
		{4ADA636F-D6BB-9FFC-14E1-6056C4347BA1}.Debug|Any CPU.Build.0 = Debug|Any CPU
		{4ADA636F-D6BB-9FFC-14E1-6056C4347BA1}.Release|Any CPU.ActiveCfg = Release|Any CPU
		{4ADA636F-D6BB-9FFC-14E1-6056C4347BA1}.Release|Any CPU.Build.0 = Release|Any CPU
		{E2A4A4C2-0785-068D-C096-DA5906D66413}.Debug|Any CPU.ActiveCfg = Debug|Any CPU
		{E2A4A4C2-0785-068D-C096-DA5906D66413}.Debug|Any CPU.Build.0 = Debug|Any CPU
		{E2A4A4C2-0785-068D-C096-DA5906D66413}.Release|Any CPU.ActiveCfg = Release|Any CPU
		{E2A4A4C2-0785-068D-C096-DA5906D66413}.Release|Any CPU.Build.0 = Release|Any CPU
		{C719C1F4-DAFD-C9A3-D795-E4D08D625C7A}.Debug|Any CPU.ActiveCfg = Debug|Any CPU
		{C719C1F4-DAFD-C9A3-D795-E4D08D625C7A}.Debug|Any CPU.Build.0 = Debug|Any CPU
		{C719C1F4-DAFD-C9A3-D795-E4D08D625C7A}.Release|Any CPU.ActiveCfg = Release|Any CPU
		{C719C1F4-DAFD-C9A3-D795-E4D08D625C7A}.Release|Any CPU.Build.0 = Release|Any CPU
		{CEEACF48-B926-708F-E1E9-26D1F58BDC80}.Debug|Any CPU.ActiveCfg = Debug|Any CPU
		{CEEACF48-B926-708F-E1E9-26D1F58BDC80}.Debug|Any CPU.Build.0 = Debug|Any CPU
		{CEEACF48-B926-708F-E1E9-26D1F58BDC80}.Release|Any CPU.ActiveCfg = Release|Any CPU
		{CEEACF48-B926-708F-E1E9-26D1F58BDC80}.Release|Any CPU.Build.0 = Release|Any CPU
		{49F072F1-92DB-4842-3515-5625698DFC35}.Debug|Any CPU.ActiveCfg = Debug|Any CPU
		{49F072F1-92DB-4842-3515-5625698DFC35}.Debug|Any CPU.Build.0 = Debug|Any CPU
		{49F072F1-92DB-4842-3515-5625698DFC35}.Release|Any CPU.ActiveCfg = Release|Any CPU
		{49F072F1-92DB-4842-3515-5625698DFC35}.Release|Any CPU.Build.0 = Release|Any CPU
		{FF7DBB8C-1640-C30B-69FF-8DD9D42EDE2B}.Debug|Any CPU.ActiveCfg = Debug|Any CPU
		{FF7DBB8C-1640-C30B-69FF-8DD9D42EDE2B}.Debug|Any CPU.Build.0 = Debug|Any CPU
		{FF7DBB8C-1640-C30B-69FF-8DD9D42EDE2B}.Release|Any CPU.ActiveCfg = Release|Any CPU
		{FF7DBB8C-1640-C30B-69FF-8DD9D42EDE2B}.Release|Any CPU.Build.0 = Release|Any CPU
		{595D6E31-2D79-1C2A-251E-74883CBFAF4B}.Debug|Any CPU.ActiveCfg = Debug|Any CPU
		{595D6E31-2D79-1C2A-251E-74883CBFAF4B}.Debug|Any CPU.Build.0 = Debug|Any CPU
		{595D6E31-2D79-1C2A-251E-74883CBFAF4B}.Release|Any CPU.ActiveCfg = Release|Any CPU
		{595D6E31-2D79-1C2A-251E-74883CBFAF4B}.Release|Any CPU.Build.0 = Release|Any CPU
		{4EFA8931-5E21-A929-664B-5DC8E5071991}.Debug|Any CPU.ActiveCfg = Debug|Any CPU
		{4EFA8931-5E21-A929-664B-5DC8E5071991}.Debug|Any CPU.Build.0 = Debug|Any CPU
		{4EFA8931-5E21-A929-664B-5DC8E5071991}.Release|Any CPU.ActiveCfg = Release|Any CPU
		{4EFA8931-5E21-A929-664B-5DC8E5071991}.Release|Any CPU.Build.0 = Release|Any CPU
		{BEDAE70C-DA38-6B4A-1D6F-38EE3684DB15}.Debug|Any CPU.ActiveCfg = Debug|Any CPU
		{BEDAE70C-DA38-6B4A-1D6F-38EE3684DB15}.Debug|Any CPU.Build.0 = Debug|Any CPU
		{BEDAE70C-DA38-6B4A-1D6F-38EE3684DB15}.Release|Any CPU.ActiveCfg = Release|Any CPU
		{BEDAE70C-DA38-6B4A-1D6F-38EE3684DB15}.Release|Any CPU.Build.0 = Release|Any CPU
		{048A5D95-10A2-BEBF-783C-449DAF2B783F}.Debug|Any CPU.ActiveCfg = Debug|Any CPU
		{048A5D95-10A2-BEBF-783C-449DAF2B783F}.Debug|Any CPU.Build.0 = Debug|Any CPU
		{048A5D95-10A2-BEBF-783C-449DAF2B783F}.Release|Any CPU.ActiveCfg = Release|Any CPU
		{048A5D95-10A2-BEBF-783C-449DAF2B783F}.Release|Any CPU.Build.0 = Release|Any CPU
		{06844DF0-1050-5092-B36D-A657255EF7B4}.Debug|Any CPU.ActiveCfg = Debug|Any CPU
		{06844DF0-1050-5092-B36D-A657255EF7B4}.Debug|Any CPU.Build.0 = Debug|Any CPU
		{06844DF0-1050-5092-B36D-A657255EF7B4}.Release|Any CPU.ActiveCfg = Release|Any CPU
		{06844DF0-1050-5092-B36D-A657255EF7B4}.Release|Any CPU.Build.0 = Release|Any CPU
		{47AA9990-E466-1D33-E878-5AF2E33423FC}.Debug|Any CPU.ActiveCfg = Debug|Any CPU
		{47AA9990-E466-1D33-E878-5AF2E33423FC}.Debug|Any CPU.Build.0 = Debug|Any CPU
		{47AA9990-E466-1D33-E878-5AF2E33423FC}.Release|Any CPU.ActiveCfg = Release|Any CPU
		{47AA9990-E466-1D33-E878-5AF2E33423FC}.Release|Any CPU.Build.0 = Release|Any CPU
		{1CB6C00F-F3FC-9B9B-9DF4-AC4A0DD50FA2}.Debug|Any CPU.ActiveCfg = Debug|Any CPU
		{1CB6C00F-F3FC-9B9B-9DF4-AC4A0DD50FA2}.Debug|Any CPU.Build.0 = Debug|Any CPU
		{1CB6C00F-F3FC-9B9B-9DF4-AC4A0DD50FA2}.Release|Any CPU.ActiveCfg = Release|Any CPU
		{1CB6C00F-F3FC-9B9B-9DF4-AC4A0DD50FA2}.Release|Any CPU.Build.0 = Release|Any CPU
		{5D4018F5-3534-AC81-E59E-5FA1211CD051}.Debug|Any CPU.ActiveCfg = Debug|Any CPU
		{5D4018F5-3534-AC81-E59E-5FA1211CD051}.Debug|Any CPU.Build.0 = Debug|Any CPU
		{5D4018F5-3534-AC81-E59E-5FA1211CD051}.Release|Any CPU.ActiveCfg = Release|Any CPU
		{5D4018F5-3534-AC81-E59E-5FA1211CD051}.Release|Any CPU.Build.0 = Release|Any CPU
		{763764C3-A3C5-8587-42E1-CA9CA2845255}.Debug|Any CPU.ActiveCfg = Debug|Any CPU
		{763764C3-A3C5-8587-42E1-CA9CA2845255}.Debug|Any CPU.Build.0 = Debug|Any CPU
		{763764C3-A3C5-8587-42E1-CA9CA2845255}.Release|Any CPU.ActiveCfg = Release|Any CPU
		{763764C3-A3C5-8587-42E1-CA9CA2845255}.Release|Any CPU.Build.0 = Release|Any CPU
		{65D1FDD6-2A73-289B-F4AE-883633129FED}.Debug|Any CPU.ActiveCfg = Debug|Any CPU
		{65D1FDD6-2A73-289B-F4AE-883633129FED}.Debug|Any CPU.Build.0 = Debug|Any CPU
		{65D1FDD6-2A73-289B-F4AE-883633129FED}.Release|Any CPU.ActiveCfg = Release|Any CPU
		{65D1FDD6-2A73-289B-F4AE-883633129FED}.Release|Any CPU.Build.0 = Release|Any CPU
		{4B711BF3-F8A9-91EC-A3CE-0915DE92A8BF}.Debug|Any CPU.ActiveCfg = Debug|Any CPU
		{4B711BF3-F8A9-91EC-A3CE-0915DE92A8BF}.Debug|Any CPU.Build.0 = Debug|Any CPU
		{4B711BF3-F8A9-91EC-A3CE-0915DE92A8BF}.Release|Any CPU.ActiveCfg = Release|Any CPU
		{4B711BF3-F8A9-91EC-A3CE-0915DE92A8BF}.Release|Any CPU.Build.0 = Release|Any CPU
		{54055F6D-1216-FD1D-42B4-6369F387AEE6}.Debug|Any CPU.ActiveCfg = Debug|Any CPU
		{54055F6D-1216-FD1D-42B4-6369F387AEE6}.Debug|Any CPU.Build.0 = Debug|Any CPU
		{54055F6D-1216-FD1D-42B4-6369F387AEE6}.Release|Any CPU.ActiveCfg = Release|Any CPU
		{54055F6D-1216-FD1D-42B4-6369F387AEE6}.Release|Any CPU.Build.0 = Release|Any CPU
		{1332B7CF-875F-1EB2-F5C6-EB337E9B5F05}.Debug|Any CPU.ActiveCfg = Debug|Any CPU
		{1332B7CF-875F-1EB2-F5C6-EB337E9B5F05}.Debug|Any CPU.Build.0 = Debug|Any CPU
		{1332B7CF-875F-1EB2-F5C6-EB337E9B5F05}.Release|Any CPU.ActiveCfg = Release|Any CPU
		{1332B7CF-875F-1EB2-F5C6-EB337E9B5F05}.Release|Any CPU.Build.0 = Release|Any CPU
		{D2C7AA0C-00B2-9707-5103-2E236709D3DF}.Debug|Any CPU.ActiveCfg = Debug|Any CPU
		{D2C7AA0C-00B2-9707-5103-2E236709D3DF}.Debug|Any CPU.Build.0 = Debug|Any CPU
		{D2C7AA0C-00B2-9707-5103-2E236709D3DF}.Release|Any CPU.ActiveCfg = Release|Any CPU
		{D2C7AA0C-00B2-9707-5103-2E236709D3DF}.Release|Any CPU.Build.0 = Release|Any CPU
	EndGlobalSection
	GlobalSection(SolutionProperties) = preSolution
		HideSolutionNode = FALSE
	EndGlobalSection
	GlobalSection(NestedProjects) = preSolution
		{088F8BFB-137B-9C8A-623A-67DEB413D936} = {827E0CD3-B72D-47B6-A68D-7590B98EB39B}
		{4ADA636F-D6BB-9FFC-14E1-6056C4347BA1} = {827E0CD3-B72D-47B6-A68D-7590B98EB39B}
		{E2A4A4C2-0785-068D-C096-DA5906D66413} = {827E0CD3-B72D-47B6-A68D-7590B98EB39B}
		{C719C1F4-DAFD-C9A3-D795-E4D08D625C7A} = {827E0CD3-B72D-47B6-A68D-7590B98EB39B}
		{CEEACF48-B926-708F-E1E9-26D1F58BDC80} = {827E0CD3-B72D-47B6-A68D-7590B98EB39B}
		{49F072F1-92DB-4842-3515-5625698DFC35} = {827E0CD3-B72D-47B6-A68D-7590B98EB39B}
		{FF7DBB8C-1640-C30B-69FF-8DD9D42EDE2B} = {0AB3BF05-4346-4AA6-1389-037BE0695223}
		{595D6E31-2D79-1C2A-251E-74883CBFAF4B} = {0AB3BF05-4346-4AA6-1389-037BE0695223}
		{4EFA8931-5E21-A929-664B-5DC8E5071991} = {0AB3BF05-4346-4AA6-1389-037BE0695223}
		{BB45B5A8-6B14-5255-64D0-EA6BEE8A90C1} = {827E0CD3-B72D-47B6-A68D-7590B98EB39B}
		{BEDAE70C-DA38-6B4A-1D6F-38EE3684DB15} = {BB45B5A8-6B14-5255-64D0-EA6BEE8A90C1}
		{048A5D95-10A2-BEBF-783C-449DAF2B783F} = {BB45B5A8-6B14-5255-64D0-EA6BEE8A90C1}
		{06844DF0-1050-5092-B36D-A657255EF7B4} = {BB45B5A8-6B14-5255-64D0-EA6BEE8A90C1}
		{47AA9990-E466-1D33-E878-5AF2E33423FC} = {BB45B5A8-6B14-5255-64D0-EA6BEE8A90C1}
		{1CB6C00F-F3FC-9B9B-9DF4-AC4A0DD50FA2} = {BB45B5A8-6B14-5255-64D0-EA6BEE8A90C1}
		{5D4018F5-3534-AC81-E59E-5FA1211CD051} = {BB45B5A8-6B14-5255-64D0-EA6BEE8A90C1}
		{8D626EA8-CB54-BC41-363A-217881BEBA6E} = {827E0CD3-B72D-47B6-A68D-7590B98EB39B}
		{763764C3-A3C5-8587-42E1-CA9CA2845255} = {8D626EA8-CB54-BC41-363A-217881BEBA6E}
		{65D1FDD6-2A73-289B-F4AE-883633129FED} = {8D626EA8-CB54-BC41-363A-217881BEBA6E}
		{9048EB7F-3875-A59E-E36B-5BD4C6F2A282} = {827E0CD3-B72D-47B6-A68D-7590B98EB39B}
		{4B711BF3-F8A9-91EC-A3CE-0915DE92A8BF} = {9048EB7F-3875-A59E-E36B-5BD4C6F2A282}
		{54055F6D-1216-FD1D-42B4-6369F387AEE6} = {9048EB7F-3875-A59E-E36B-5BD4C6F2A282}
		{AB8CDE7B-15D6-1510-8C67-415A22713AFF} = {827E0CD3-B72D-47B6-A68D-7590B98EB39B}
		{1332B7CF-875F-1EB2-F5C6-EB337E9B5F05} = {AB8CDE7B-15D6-1510-8C67-415A22713AFF}
		{03997797-E7F5-0643-168D-B8EA7178C2FE} = {827E0CD3-B72D-47B6-A68D-7590B98EB39B}
		{D2C7AA0C-00B2-9707-5103-2E236709D3DF} = {03997797-E7F5-0643-168D-B8EA7178C2FE}
	EndGlobalSection
	GlobalSection(ExtensibilityGlobals) = postSolution
		SolutionGuid = {F11FF394-307B-472E-BD85-B4D0C3CF4A21}
	EndGlobalSection
EndGlobal
